
Microsoft Visual Studio Solution File, Format Version 12.00
# Visual Studio Version 16
VisualStudioVersion = 16.0.30717.126
MinimumVisualStudioVersion = 10.0.40219.1
Project("{9A19103F-16F7-4668-BE54-9A1E7A4F7556}") = "SolutionShop.WebApp", "SolutionShop.WebApp\SolutionShop.WebApp.csproj", "{0613B1B9-085F-4461-870B-673D860A9A57}"
EndProject
Project("{2150E333-8FDC-42A3-9474-1A3956D46DE8}") = "0Solution Items", "0Solution Items", "{F95636FF-C94B-44ED-A793-8B6F5EEF5217}"
	ProjectSection(SolutionItems) = preProject
		Readme.md = Readme.md
	EndProjectSection
EndProject
Project("{9A19103F-16F7-4668-BE54-9A1E7A4F7556}") = "SolutionShop.Data", "SolutionShop.Data\SolutionShop.Data.csproj", "{A54EB4D7-3A94-449E-87F5-4091C681E526}"
EndProject
Project("{9A19103F-16F7-4668-BE54-9A1E7A4F7556}") = "SolutionShop.Application", "SolutionShop.Application\SolutionShop.Application.csproj", "{E939E3F3-962A-43C5-A1DC-78EE100EC954}"
EndProject
Project("{9A19103F-16F7-4668-BE54-9A1E7A4F7556}") = "SolutionShop.Utilities", "SolutionShop.Utilities\SolutionShop.Utilities.csproj", "{B2C3DEE3-811D-4FAA-9940-16B4B0618A50}"
EndProject
Project("{9A19103F-16F7-4668-BE54-9A1E7A4F7556}") = "SolutionShop.ViewModel", "SolutionShop.ViewModel\SolutionShop.ViewModel.csproj", "{F00C2688-B907-49ED-88E1-C16D0929C7F8}"
EndProject
Project("{9A19103F-16F7-4668-BE54-9A1E7A4F7556}") = "BackendApii", "BackendApii\BackendApii.csproj", "{95161D8A-7682-40FF-BC79-3A8D4AE0A2B9}"
EndProject
Project("{2150E333-8FDC-42A3-9474-1A3956D46DE8}") = "1Infrastructure", "1Infrastructure", "{42C6933A-D7CF-4B55-B363-2E5C54F532B5}"
EndProject
Project("{2150E333-8FDC-42A3-9474-1A3956D46DE8}") = "2Domain", "2Domain", "{DBACC9ED-5EDB-4C3F-B332-ED29B390F208}"
EndProject
Project("{2150E333-8FDC-42A3-9474-1A3956D46DE8}") = "3Host", "3Host", "{CE5C042C-E6E8-411E-A1A9-CB449CA4D239}"
EndProject
Project("{9A19103F-16F7-4668-BE54-9A1E7A4F7556}") = "AdminApp", "AdminApp\AdminApp.csproj", "{FD7E027A-9498-49AD-B932-3063C40C2E4E}"
EndProject
Project("{9A19103F-16F7-4668-BE54-9A1E7A4F7556}") = "ApiIntegration", "ApiIntegration\ApiIntegration.csproj", "{11ACB2B0-300A-4412-A54B-0C2D6BDD52B3}"
EndProject
Global
	GlobalSection(SolutionConfigurationPlatforms) = preSolution
		Debug|Any CPU = Debug|Any CPU
		Release|Any CPU = Release|Any CPU
	EndGlobalSection
	GlobalSection(ProjectConfigurationPlatforms) = postSolution
		{0613B1B9-085F-4461-870B-673D860A9A57}.Debug|Any CPU.ActiveCfg = Debug|Any CPU
		{0613B1B9-085F-4461-870B-673D860A9A57}.Debug|Any CPU.Build.0 = Debug|Any CPU
		{0613B1B9-085F-4461-870B-673D860A9A57}.Release|Any CPU.ActiveCfg = Release|Any CPU
		{0613B1B9-085F-4461-870B-673D860A9A57}.Release|Any CPU.Build.0 = Release|Any CPU
		{A54EB4D7-3A94-449E-87F5-4091C681E526}.Debug|Any CPU.ActiveCfg = Debug|Any CPU
		{A54EB4D7-3A94-449E-87F5-4091C681E526}.Debug|Any CPU.Build.0 = Debug|Any CPU
		{A54EB4D7-3A94-449E-87F5-4091C681E526}.Release|Any CPU.ActiveCfg = Release|Any CPU
		{A54EB4D7-3A94-449E-87F5-4091C681E526}.Release|Any CPU.Build.0 = Release|Any CPU
		{E939E3F3-962A-43C5-A1DC-78EE100EC954}.Debug|Any CPU.ActiveCfg = Debug|Any CPU
		{E939E3F3-962A-43C5-A1DC-78EE100EC954}.Debug|Any CPU.Build.0 = Debug|Any CPU
		{E939E3F3-962A-43C5-A1DC-78EE100EC954}.Release|Any CPU.ActiveCfg = Release|Any CPU
		{E939E3F3-962A-43C5-A1DC-78EE100EC954}.Release|Any CPU.Build.0 = Release|Any CPU
		{B2C3DEE3-811D-4FAA-9940-16B4B0618A50}.Debug|Any CPU.ActiveCfg = Debug|Any CPU
		{B2C3DEE3-811D-4FAA-9940-16B4B0618A50}.Debug|Any CPU.Build.0 = Debug|Any CPU
		{B2C3DEE3-811D-4FAA-9940-16B4B0618A50}.Release|Any CPU.ActiveCfg = Release|Any CPU
		{B2C3DEE3-811D-4FAA-9940-16B4B0618A50}.Release|Any CPU.Build.0 = Release|Any CPU
		{F00C2688-B907-49ED-88E1-C16D0929C7F8}.Debug|Any CPU.ActiveCfg = Debug|Any CPU
		{F00C2688-B907-49ED-88E1-C16D0929C7F8}.Debug|Any CPU.Build.0 = Debug|Any CPU
		{F00C2688-B907-49ED-88E1-C16D0929C7F8}.Release|Any CPU.ActiveCfg = Release|Any CPU
		{F00C2688-B907-49ED-88E1-C16D0929C7F8}.Release|Any CPU.Build.0 = Release|Any CPU
		{95161D8A-7682-40FF-BC79-3A8D4AE0A2B9}.Debug|Any CPU.ActiveCfg = Debug|Any CPU
		{95161D8A-7682-40FF-BC79-3A8D4AE0A2B9}.Debug|Any CPU.Build.0 = Debug|Any CPU
		{95161D8A-7682-40FF-BC79-3A8D4AE0A2B9}.Release|Any CPU.ActiveCfg = Release|Any CPU
		{95161D8A-7682-40FF-BC79-3A8D4AE0A2B9}.Release|Any CPU.Build.0 = Release|Any CPU
		{FD7E027A-9498-49AD-B932-3063C40C2E4E}.Debug|Any CPU.ActiveCfg = Debug|Any CPU
		{FD7E027A-9498-49AD-B932-3063C40C2E4E}.Debug|Any CPU.Build.0 = Debug|Any CPU
		{FD7E027A-9498-49AD-B932-3063C40C2E4E}.Release|Any CPU.ActiveCfg = Release|Any CPU
		{FD7E027A-9498-49AD-B932-3063C40C2E4E}.Release|Any CPU.Build.0 = Release|Any CPU
		{11ACB2B0-300A-4412-A54B-0C2D6BDD52B3}.Debug|Any CPU.ActiveCfg = Debug|Any CPU
		{11ACB2B0-300A-4412-A54B-0C2D6BDD52B3}.Debug|Any CPU.Build.0 = Debug|Any CPU
		{11ACB2B0-300A-4412-A54B-0C2D6BDD52B3}.Release|Any CPU.ActiveCfg = Release|Any CPU
		{11ACB2B0-300A-4412-A54B-0C2D6BDD52B3}.Release|Any CPU.Build.0 = Release|Any CPU
	EndGlobalSection
	GlobalSection(SolutionProperties) = preSolution
		HideSolutionNode = FALSE
	EndGlobalSection
	GlobalSection(NestedProjects) = preSolution
		{0613B1B9-085F-4461-870B-673D860A9A57} = {CE5C042C-E6E8-411E-A1A9-CB449CA4D239}
		{A54EB4D7-3A94-449E-87F5-4091C681E526} = {DBACC9ED-5EDB-4C3F-B332-ED29B390F208}
		{E939E3F3-962A-43C5-A1DC-78EE100EC954} = {DBACC9ED-5EDB-4C3F-B332-ED29B390F208}
		{B2C3DEE3-811D-4FAA-9940-16B4B0618A50} = {42C6933A-D7CF-4B55-B363-2E5C54F532B5}
		{F00C2688-B907-49ED-88E1-C16D0929C7F8} = {42C6933A-D7CF-4B55-B363-2E5C54F532B5}
		{95161D8A-7682-40FF-BC79-3A8D4AE0A2B9} = {CE5C042C-E6E8-411E-A1A9-CB449CA4D239}
		{FD7E027A-9498-49AD-B932-3063C40C2E4E} = {CE5C042C-E6E8-411E-A1A9-CB449CA4D239}
		{11ACB2B0-300A-4412-A54B-0C2D6BDD52B3} = {CE5C042C-E6E8-411E-A1A9-CB449CA4D239}
	EndGlobalSection
	GlobalSection(ExtensibilityGlobals) = postSolution
		SolutionGuid = {54AEFC84-3F2D-46AE-AC42-B7A65E63A26B}
	EndGlobalSection
EndGlobal
